// !$*UTF8*$!
{
	archiveVersion = 1;
	classes = {
	};
	objectVersion = 50;
	objects = {

/* Begin PBXBuildFile section */
		FF99483C260672090036080C /* MFractorImgApp.swift in Sources */ = {isa = PBXBuildFile; fileRef = FF99483B260672090036080C /* MFractorImgApp.swift */; };
		FF99483E260672090036080C /* ContentView.swift in Sources */ = {isa = PBXBuildFile; fileRef = FF99483D260672090036080C /* ContentView.swift */; };
		FF9948402606720A0036080C /* Assets.xcassets in Resources */ = {isa = PBXBuildFile; fileRef = FF99483F2606720A0036080C /* Assets.xcassets */; };
		FF9948432606720A0036080C /* Preview Assets.xcassets in Resources */ = {isa = PBXBuildFile; fileRef = FF9948422606720A0036080C /* Preview Assets.xcassets */; };
		FF99484E2606720A0036080C /* MFractorImgTests.swift in Sources */ = {isa = PBXBuildFile; fileRef = FF99484D2606720A0036080C /* MFractorImgTests.swift */; };
		FF9948592606720A0036080C /* MFractorImgUITests.swift in Sources */ = {isa = PBXBuildFile; fileRef = FF9948582606720A0036080C /* MFractorImgUITests.swift */; };
/* End PBXBuildFile section */

/* Begin PBXContainerItemProxy section */
		FF99484A2606720A0036080C /* PBXContainerItemProxy */ = {
			isa = PBXContainerItemProxy;
			containerPortal = FF994830260672090036080C /* Project object */;
			proxyType = 1;
			remoteGlobalIDString = FF994837260672090036080C;
			remoteInfo = MFractorImg;
		};
		FF9948552606720A0036080C /* PBXContainerItemProxy */ = {
			isa = PBXContainerItemProxy;
			containerPortal = FF994830260672090036080C /* Project object */;
			proxyType = 1;
			remoteGlobalIDString = FF994837260672090036080C;
			remoteInfo = MFractorImg;
		};
/* End PBXContainerItemProxy section */

/* Begin PBXFileReference section */
		FF994838260672090036080C /* MFractorImg.app */ = {isa = PBXFileReference; explicitFileType = wrapper.application; includeInIndex = 0; path = MFractorImg.app; sourceTree = BUILT_PRODUCTS_DIR; };
		FF99483B260672090036080C /* MFractorImgApp.swift */ = {isa = PBXFileReference; lastKnownFileType = sourcecode.swift; path = MFractorImgApp.swift; sourceTree = "<group>"; };
		FF99483D260672090036080C /* ContentView.swift */ = {isa = PBXFileReference; lastKnownFileType = sourcecode.swift; path = ContentView.swift; sourceTree = "<group>"; };
		FF99483F2606720A0036080C /* Assets.xcassets */ = {isa = PBXFileReference; lastKnownFileType = folder.assetcatalog; path = Assets.xcassets; sourceTree = "<group>"; };
		FF9948422606720A0036080C /* Preview Assets.xcassets */ = {isa = PBXFileReference; lastKnownFileType = folder.assetcatalog; path = "Preview Assets.xcassets"; sourceTree = "<group>"; };
		FF9948442606720A0036080C /* Info.plist */ = {isa = PBXFileReference; lastKnownFileType = text.plist.xml; path = Info.plist; sourceTree = "<group>"; };
		FF9948492606720A0036080C /* MFractorImgTests.xctest */ = {isa = PBXFileReference; explicitFileType = wrapper.cfbundle; includeInIndex = 0; path = MFractorImgTests.xctest; sourceTree = BUILT_PRODUCTS_DIR; };
		FF99484D2606720A0036080C /* MFractorImgTests.swift */ = {isa = PBXFileReference; lastKnownFileType = sourcecode.swift; path = MFractorImgTests.swift; sourceTree = "<group>"; };
		FF99484F2606720A0036080C /* Info.plist */ = {isa = PBXFileReference; lastKnownFileType = text.plist.xml; path = Info.plist; sourceTree = "<group>"; };
		FF9948542606720A0036080C /* MFractorImgUITests.xctest */ = {isa = PBXFileReference; explicitFileType = wrapper.cfbundle; includeInIndex = 0; path = MFractorImgUITests.xctest; sourceTree = BUILT_PRODUCTS_DIR; };
		FF9948582606720A0036080C /* MFractorImgUITests.swift */ = {isa = PBXFileReference; lastKnownFileType = sourcecode.swift; path = MFractorImgUITests.swift; sourceTree = "<group>"; };
		FF99485A2606720A0036080C /* Info.plist */ = {isa = PBXFileReference; lastKnownFileType = text.plist.xml; path = Info.plist; sourceTree = "<group>"; };
/* End PBXFileReference section */

/* Begin PBXFrameworksBuildPhase section */
		FF994835260672090036080C /* Frameworks */ = {
			isa = PBXFrameworksBuildPhase;
			buildActionMask = 2147483647;
			files = (
			);
			runOnlyForDeploymentPostprocessing = 0;
		};
		FF9948462606720A0036080C /* Frameworks */ = {
			isa = PBXFrameworksBuildPhase;
			buildActionMask = 2147483647;
			files = (
			);
			runOnlyForDeploymentPostprocessing = 0;
		};
		FF9948512606720A0036080C /* Frameworks */ = {
			isa = PBXFrameworksBuildPhase;
			buildActionMask = 2147483647;
			files = (
			);
			runOnlyForDeploymentPostprocessing = 0;
		};
/* End PBXFrameworksBuildPhase section */

/* Begin PBXGroup section */
		FF99482F260672090036080C = {
			isa = PBXGroup;
			children = (
				FF99483A260672090036080C /* MFractorImg */,
				FF99484C2606720A0036080C /* MFractorImgTests */,
				FF9948572606720A0036080C /* MFractorImgUITests */,
				FF994839260672090036080C /* Products */,
			);
			sourceTree = "<group>";
		};
		FF994839260672090036080C /* Products */ = {
			isa = PBXGroup;
			children = (
				FF994838260672090036080C /* MFractorImg.app */,
				FF9948492606720A0036080C /* MFractorImgTests.xctest */,
				FF9948542606720A0036080C /* MFractorImgUITests.xctest */,
			);
			name = Products;
			sourceTree = "<group>";
		};
		FF99483A260672090036080C /* MFractorImg */ = {
			isa = PBXGroup;
			children = (
				FF99483B260672090036080C /* MFractorImgApp.swift */,
				FF99483D260672090036080C /* ContentView.swift */,
				FF99483F2606720A0036080C /* Assets.xcassets */,
				FF9948442606720A0036080C /* Info.plist */,
				FF9948412606720A0036080C /* Preview Content */,
			);
			path = MFractorImg;
			sourceTree = "<group>";
		};
		FF9948412606720A0036080C /* Preview Content */ = {
			isa = PBXGroup;
			children = (
				FF9948422606720A0036080C /* Preview Assets.xcassets */,
			);
			path = "Preview Content";
			sourceTree = "<group>";
		};
		FF99484C2606720A0036080C /* MFractorImgTests */ = {
			isa = PBXGroup;
			children = (
				FF99484D2606720A0036080C /* MFractorImgTests.swift */,
				FF99484F2606720A0036080C /* Info.plist */,
			);
			path = MFractorImgTests;
			sourceTree = "<group>";
		};
		FF9948572606720A0036080C /* MFractorImgUITests */ = {
			isa = PBXGroup;
			children = (
				FF9948582606720A0036080C /* MFractorImgUITests.swift */,
				FF99485A2606720A0036080C /* Info.plist */,
			);
			path = MFractorImgUITests;
			sourceTree = "<group>";
		};
/* End PBXGroup section */

/* Begin PBXNativeTarget section */
		FF994837260672090036080C /* MFractorImg */ = {
			isa = PBXNativeTarget;
			buildConfigurationList = FF99485D2606720A0036080C /* Build configuration list for PBXNativeTarget "MFractorImg" */;
			buildPhases = (
				FF994834260672090036080C /* Sources */,
				FF994835260672090036080C /* Frameworks */,
				FF994836260672090036080C /* Resources */,
			);
			buildRules = (
			);
			dependencies = (
			);
			name = MFractorImg;
			productName = MFractorImg;
			productReference = FF994838260672090036080C /* MFractorImg.app */;
			productType = "com.apple.product-type.application";
		};
		FF9948482606720A0036080C /* MFractorImgTests */ = {
			isa = PBXNativeTarget;
			buildConfigurationList = FF9948602606720A0036080C /* Build configuration list for PBXNativeTarget "MFractorImgTests" */;
			buildPhases = (
				FF9948452606720A0036080C /* Sources */,
				FF9948462606720A0036080C /* Frameworks */,
				FF9948472606720A0036080C /* Resources */,
			);
			buildRules = (
			);
			dependencies = (
				FF99484B2606720A0036080C /* PBXTargetDependency */,
			);
			name = MFractorImgTests;
			productName = MFractorImgTests;
			productReference = FF9948492606720A0036080C /* MFractorImgTests.xctest */;
			productType = "com.apple.product-type.bundle.unit-test";
		};
		FF9948532606720A0036080C /* MFractorImgUITests */ = {
			isa = PBXNativeTarget;
			buildConfigurationList = FF9948632606720A0036080C /* Build configuration list for PBXNativeTarget "MFractorImgUITests" */;
			buildPhases = (
				FF9948502606720A0036080C /* Sources */,
				FF9948512606720A0036080C /* Frameworks */,
				FF9948522606720A0036080C /* Resources */,
			);
			buildRules = (
			);
			dependencies = (
				FF9948562606720A0036080C /* PBXTargetDependency */,
			);
			name = MFractorImgUITests;
			productName = MFractorImgUITests;
			productReference = FF9948542606720A0036080C /* MFractorImgUITests.xctest */;
			productType = "com.apple.product-type.bundle.ui-testing";
		};
/* End PBXNativeTarget section */

/* Begin PBXProject section */
		FF994830260672090036080C /* Project object */ = {
			isa = PBXProject;
			attributes = {
				LastSwiftUpdateCheck = 1240;
				LastUpgradeCheck = 1240;
				TargetAttributes = {
					FF994837260672090036080C = {
						CreatedOnToolsVersion = 12.4;
					};
					FF9948482606720A0036080C = {
						CreatedOnToolsVersion = 12.4;
						TestTargetID = FF994837260672090036080C;
					};
					FF9948532606720A0036080C = {
						CreatedOnToolsVersion = 12.4;
						TestTargetID = FF994837260672090036080C;
					};
				};
			};
			buildConfigurationList = FF994833260672090036080C /* Build configuration list for PBXProject "MFractorImg" */;
			compatibilityVersion = "Xcode 9.3";
			developmentRegion = en;
			hasScannedForEncodings = 0;
			knownRegions = (
				en,
				Base,
			);
			mainGroup = FF99482F260672090036080C;
			productRefGroup = FF994839260672090036080C /* Products */;
			projectDirPath = "";
			projectRoot = "";
			targets = (
				FF994837260672090036080C /* MFractorImg */,
				FF9948482606720A0036080C /* MFractorImgTests */,
				FF9948532606720A0036080C /* MFractorImgUITests */,
			);
		};
/* End PBXProject section */

/* Begin PBXResourcesBuildPhase section */
		FF994836260672090036080C /* Resources */ = {
			isa = PBXResourcesBuildPhase;
			buildActionMask = 2147483647;
			files = (
				FF9948432606720A0036080C /* Preview Assets.xcassets in Resources */,
				FF9948402606720A0036080C /* Assets.xcassets in Resources */,
			);
			runOnlyForDeploymentPostprocessing = 0;
		};
		FF9948472606720A0036080C /* Resources */ = {
			isa = PBXResourcesBuildPhase;
			buildActionMask = 2147483647;
			files = (
			);
			runOnlyForDeploymentPostprocessing = 0;
		};
		FF9948522606720A0036080C /* Resources */ = {
			isa = PBXResourcesBuildPhase;
			buildActionMask = 2147483647;
			files = (
			);
			runOnlyForDeploymentPostprocessing = 0;
		};
/* End PBXResourcesBuildPhase section */

/* Begin PBXSourcesBuildPhase section */
		FF994834260672090036080C /* Sources */ = {
			isa = PBXSourcesBuildPhase;
			buildActionMask = 2147483647;
			files = (
				FF99483E260672090036080C /* ContentView.swift in Sources */,
				FF99483C260672090036080C /* MFractorImgApp.swift in Sources */,
			);
			runOnlyForDeploymentPostprocessing = 0;
		};
		FF9948452606720A0036080C /* Sources */ = {
			isa = PBXSourcesBuildPhase;
			buildActionMask = 2147483647;
			files = (
				FF99484E2606720A0036080C /* MFractorImgTests.swift in Sources */,
			);
			runOnlyForDeploymentPostprocessing = 0;
		};
		FF9948502606720A0036080C /* Sources */ = {
			isa = PBXSourcesBuildPhase;
			buildActionMask = 2147483647;
			files = (
				FF9948592606720A0036080C /* MFractorImgUITests.swift in Sources */,
			);
			runOnlyForDeploymentPostprocessing = 0;
		};
/* End PBXSourcesBuildPhase section */

/* Begin PBXTargetDependency section */
		FF99484B2606720A0036080C /* PBXTargetDependency */ = {
			isa = PBXTargetDependency;
			target = FF994837260672090036080C /* MFractorImg */;
			targetProxy = FF99484A2606720A0036080C /* PBXContainerItemProxy */;
		};
		FF9948562606720A0036080C /* PBXTargetDependency */ = {
			isa = PBXTargetDependency;
			target = FF994837260672090036080C /* MFractorImg */;
			targetProxy = FF9948552606720A0036080C /* PBXContainerItemProxy */;
		};
/* End PBXTargetDependency section */

/* Begin XCBuildConfiguration section */
		FF99485B2606720A0036080C /* Debug */ = {
			isa = XCBuildConfiguration;
			buildSettings = {
				ALWAYS_SEARCH_USER_PATHS = NO;
				CLANG_ANALYZER_NONNULL = YES;
				CLANG_ANALYZER_NUMBER_OBJECT_CONVERSION = YES_AGGRESSIVE;
				CLANG_CXX_LANGUAGE_STANDARD = "gnu++14";
				CLANG_CXX_LIBRARY = "libc++";
				CLANG_ENABLE_MODULES = YES;
				CLANG_ENABLE_OBJC_ARC = YES;
				CLANG_ENABLE_OBJC_WEAK = YES;
				CLANG_WARN_BLOCK_CAPTURE_AUTORELEASING = YES;
				CLANG_WARN_BOOL_CONVERSION = YES;
				CLANG_WARN_COMMA = YES;
				CLANG_WARN_CONSTANT_CONVERSION = YES;
				CLANG_WARN_DEPRECATED_OBJC_IMPLEMENTATIONS = YES;
				CLANG_WARN_DIRECT_OBJC_ISA_USAGE = YES_ERROR;
				CLANG_WARN_DOCUMENTATION_COMMENTS = YES;
				CLANG_WARN_EMPTY_BODY = YES;
				CLANG_WARN_ENUM_CONVERSION = YES;
				CLANG_WARN_INFINITE_RECURSION = YES;
				CLANG_WARN_INT_CONVERSION = YES;
				CLANG_WARN_NON_LITERAL_NULL_CONVERSION = YES;
				CLANG_WARN_OBJC_IMPLICIT_RETAIN_SELF = YES;
				CLANG_WARN_OBJC_LITERAL_CONVERSION = YES;
				CLANG_WARN_OBJC_ROOT_CLASS = YES_ERROR;
				CLANG_WARN_QUOTED_INCLUDE_IN_FRAMEWORK_HEADER = YES;
				CLANG_WARN_RANGE_LOOP_ANALYSIS = YES;
				CLANG_WARN_STRICT_PROTOTYPES = YES;
				CLANG_WARN_SUSPICIOUS_MOVE = YES;
				CLANG_WARN_UNGUARDED_AVAILABILITY = YES_AGGRESSIVE;
				CLANG_WARN_UNREACHABLE_CODE = YES;
				CLANG_WARN__DUPLICATE_METHOD_MATCH = YES;
				COPY_PHASE_STRIP = NO;
				DEBUG_INFORMATION_FORMAT = dwarf;
				ENABLE_STRICT_OBJC_MSGSEND = YES;
				ENABLE_TESTABILITY = YES;
				GCC_C_LANGUAGE_STANDARD = gnu11;
				GCC_DYNAMIC_NO_PIC = NO;
				GCC_NO_COMMON_BLOCKS = YES;
				GCC_OPTIMIZATION_LEVEL = 0;
				GCC_PREPROCESSOR_DEFINITIONS = (
					"DEBUG=1",
					"$(inherited)",
				);
				GCC_WARN_64_TO_32_BIT_CONVERSION = YES;
				GCC_WARN_ABOUT_RETURN_TYPE = YES_ERROR;
				GCC_WARN_UNDECLARED_SELECTOR = YES;
				GCC_WARN_UNINITIALIZED_AUTOS = YES_AGGRESSIVE;
				GCC_WARN_UNUSED_FUNCTION = YES;
				GCC_WARN_UNUSED_VARIABLE = YES;
				IPHONEOS_DEPLOYMENT_TARGET = 14.4;
				MTL_ENABLE_DEBUG_INFO = INCLUDE_SOURCE;
				MTL_FAST_MATH = YES;
				ONLY_ACTIVE_ARCH = YES;
				SDKROOT = iphoneos;
				SWIFT_ACTIVE_COMPILATION_CONDITIONS = DEBUG;
				SWIFT_OPTIMIZATION_LEVEL = "-Onone";
			};
			name = Debug;
		};
		FF99485C2606720A0036080C /* Release */ = {
			isa = XCBuildConfiguration;
			buildSettings = {
				ALWAYS_SEARCH_USER_PATHS = NO;
				CLANG_ANALYZER_NONNULL = YES;
				CLANG_ANALYZER_NUMBER_OBJECT_CONVERSION = YES_AGGRESSIVE;
				CLANG_CXX_LANGUAGE_STANDARD = "gnu++14";
				CLANG_CXX_LIBRARY = "libc++";
				CLANG_ENABLE_MODULES = YES;
				CLANG_ENABLE_OBJC_ARC = YES;
				CLANG_ENABLE_OBJC_WEAK = YES;
				CLANG_WARN_BLOCK_CAPTURE_AUTORELEASING = YES;
				CLANG_WARN_BOOL_CONVERSION = YES;
				CLANG_WARN_COMMA = YES;
				CLANG_WARN_CONSTANT_CONVERSION = YES;
				CLANG_WARN_DEPRECATED_OBJC_IMPLEMENTATIONS = YES;
				CLANG_WARN_DIRECT_OBJC_ISA_USAGE = YES_ERROR;
				CLANG_WARN_DOCUMENTATION_COMMENTS = YES;
				CLANG_WARN_EMPTY_BODY = YES;
				CLANG_WARN_ENUM_CONVERSION = YES;
				CLANG_WARN_INFINITE_RECURSION = YES;
				CLANG_WARN_INT_CONVERSION = YES;
				CLANG_WARN_NON_LITERAL_NULL_CONVERSION = YES;
				CLANG_WARN_OBJC_IMPLICIT_RETAIN_SELF = YES;
				CLANG_WARN_OBJC_LITERAL_CONVERSION = YES;
				CLANG_WARN_OBJC_ROOT_CLASS = YES_ERROR;
				CLANG_WARN_QUOTED_INCLUDE_IN_FRAMEWORK_HEADER = YES;
				CLANG_WARN_RANGE_LOOP_ANALYSIS = YES;
				CLANG_WARN_STRICT_PROTOTYPES = YES;
				CLANG_WARN_SUSPICIOUS_MOVE = YES;
				CLANG_WARN_UNGUARDED_AVAILABILITY = YES_AGGRESSIVE;
				CLANG_WARN_UNREACHABLE_CODE = YES;
				CLANG_WARN__DUPLICATE_METHOD_MATCH = YES;
				COPY_PHASE_STRIP = NO;
				DEBUG_INFORMATION_FORMAT = "dwarf-with-dsym";
				ENABLE_NS_ASSERTIONS = NO;
				ENABLE_STRICT_OBJC_MSGSEND = YES;
				GCC_C_LANGUAGE_STANDARD = gnu11;
				GCC_NO_COMMON_BLOCKS = YES;
				GCC_WARN_64_TO_32_BIT_CONVERSION = YES;
				GCC_WARN_ABOUT_RETURN_TYPE = YES_ERROR;
				GCC_WARN_UNDECLARED_SELECTOR = YES;
				GCC_WARN_UNINITIALIZED_AUTOS = YES_AGGRESSIVE;
				GCC_WARN_UNUSED_FUNCTION = YES;
				GCC_WARN_UNUSED_VARIABLE = YES;
				IPHONEOS_DEPLOYMENT_TARGET = 14.4;
				MTL_ENABLE_DEBUG_INFO = NO;
				MTL_FAST_MATH = YES;
				SDKROOT = iphoneos;
				SWIFT_COMPILATION_MODE = wholemodule;
				SWIFT_OPTIMIZATION_LEVEL = "-O";
				VALIDATE_PRODUCT = YES;
			};
			name = Release;
		};
		FF99485E2606720A0036080C /* Debug */ = {
			isa = XCBuildConfiguration;
			buildSettings = {
				ASSETCATALOG_COMPILER_APPICON_NAME = AppIcon;
				ASSETCATALOG_COMPILER_GLOBAL_ACCENT_COLOR_NAME = AccentColor;
				CODE_SIGN_STYLE = Automatic;
				DEVELOPMENT_ASSET_PATHS = "\"MFractorImg/Preview Content\"";
				ENABLE_PREVIEWS = YES;
				INFOPLIST_FILE = MFractorImg/Info.plist;
				IPHONEOS_DEPLOYMENT_TARGET = 14.0;
				LD_RUNPATH_SEARCH_PATHS = (
					"$(inherited)",
					"@executable_path/Frameworks",
				);
				PRODUCT_BUNDLE_IDENTIFIER = MFractor.MFractorImg;
				PRODUCT_NAME = "$(TARGET_NAME)";
				SWIFT_VERSION = 5.0;
				TARGETED_DEVICE_FAMILY = "1,2";
			};
			name = Debug;
		};
		FF99485F2606720A0036080C /* Release */ = {
			isa = XCBuildConfiguration;
			buildSettings = {
				ASSETCATALOG_COMPILER_APPICON_NAME = AppIcon;
				ASSETCATALOG_COMPILER_GLOBAL_ACCENT_COLOR_NAME = AccentColor;
				CODE_SIGN_STYLE = Automatic;
				DEVELOPMENT_ASSET_PATHS = "\"MFractorImg/Preview Content\"";
				ENABLE_PREVIEWS = YES;
				INFOPLIST_FILE = MFractorImg/Info.plist;
				IPHONEOS_DEPLOYMENT_TARGET = 14.0;
				LD_RUNPATH_SEARCH_PATHS = (
					"$(inherited)",
					"@executable_path/Frameworks",
				);
				PRODUCT_BUNDLE_IDENTIFIER = MFractor.MFractorImg;
				PRODUCT_NAME = "$(TARGET_NAME)";
				SWIFT_VERSION = 5.0;
				TARGETED_DEVICE_FAMILY = "1,2";
			};
			name = Release;
		};
		FF9948612606720A0036080C /* Debug */ = {
			isa = XCBuildConfiguration;
			buildSettings = {
				ALWAYS_EMBED_SWIFT_STANDARD_LIBRARIES = YES;
				BUNDLE_LOADER = "$(TEST_HOST)";
				CODE_SIGN_STYLE = Automatic;
				INFOPLIST_FILE = MFractorImgTests/Info.plist;
				IPHONEOS_DEPLOYMENT_TARGET = 14.0;
				LD_RUNPATH_SEARCH_PATHS = (
					"$(inherited)",
					"@executable_path/Frameworks",
					"@loader_path/Frameworks",
				);
				PRODUCT_BUNDLE_IDENTIFIER = MFractor.MFractorImgTests;
				PRODUCT_NAME = "$(TARGET_NAME)";
				SWIFT_VERSION = 5.0;
				TARGETED_DEVICE_FAMILY = "1,2";
				TEST_HOST = "$(BUILT_PRODUCTS_DIR)/MFractorImg.app/MFractorImg";
			};
			name = Debug;
		};
		FF9948622606720A0036080C /* Release */ = {
			isa = XCBuildConfiguration;
			buildSettings = {
				ALWAYS_EMBED_SWIFT_STANDARD_LIBRARIES = YES;
				BUNDLE_LOADER = "$(TEST_HOST)";
				CODE_SIGN_STYLE = Automatic;
				INFOPLIST_FILE = MFractorImgTests/Info.plist;
				IPHONEOS_DEPLOYMENT_TARGET = 14.0;
				LD_RUNPATH_SEARCH_PATHS = (
					"$(inherited)",
					"@executable_path/Frameworks",
					"@loader_path/Frameworks",
				);
				PRODUCT_BUNDLE_IDENTIFIER = MFractor.MFractorImgTests;
				PRODUCT_NAME = "$(TARGET_NAME)";
				SWIFT_VERSION = 5.0;
				TARGETED_DEVICE_FAMILY = "1,2";
				TEST_HOST = "$(BUILT_PRODUCTS_DIR)/MFractorImg.app/MFractorImg";
			};
			name = Release;
		};
		FF9948642606720A0036080C /* Debug */ = {
			isa = XCBuildConfiguration;
			buildSettings = {
				ALWAYS_EMBED_SWIFT_STANDARD_LIBRARIES = YES;
				CODE_SIGN_STYLE = Automatic;
				INFOPLIST_FILE = MFractorImgUITests/Info.plist;
				LD_RUNPATH_SEARCH_PATHS = (
					"$(inherited)",
					"@executable_path/Frameworks",
					"@loader_path/Frameworks",
				);
				PRODUCT_BUNDLE_IDENTIFIER = MFractor.MFractorImgUITests;
				PRODUCT_NAME = "$(TARGET_NAME)";
				SWIFT_VERSION = 5.0;
				TARGETED_DEVICE_FAMILY = "1,2";
				TEST_TARGET_NAME = MFractorImg;
			};
			name = Debug;
		};
		FF9948652606720A0036080C /* Release */ = {
			isa = XCBuildConfiguration;
			buildSettings = {
				ALWAYS_EMBED_SWIFT_STANDARD_LIBRARIES = YES;
				CODE_SIGN_STYLE = Automatic;
				INFOPLIST_FILE = MFractorImgUITests/Info.plist;
				LD_RUNPATH_SEARCH_PATHS = (
					"$(inherited)",
					"@executable_path/Frameworks",
					"@loader_path/Frameworks",
				);
				PRODUCT_BUNDLE_IDENTIFIER = MFractor.MFractorImgUITests;
				PRODUCT_NAME = "$(TARGET_NAME)";
				SWIFT_VERSION = 5.0;
				TARGETED_DEVICE_FAMILY = "1,2";
				TEST_TARGET_NAME = MFractorImg;
			};
			name = Release;
		};
/* End XCBuildConfiguration section */

/* Begin XCConfigurationList section */
		FF994833260672090036080C /* Build configuration list for PBXProject "MFractorImg" */ = {
			isa = XCConfigurationList;
			buildConfigurations = (
				FF99485B2606720A0036080C /* Debug */,
				FF99485C2606720A0036080C /* Release */,
			);
			defaultConfigurationIsVisible = 0;
			defaultConfigurationName = Release;
		};
		FF99485D2606720A0036080C /* Build configuration list for PBXNativeTarget "MFractorImg" */ = {
			isa = XCConfigurationList;
			buildConfigurations = (
				FF99485E2606720A0036080C /* Debug */,
				FF99485F2606720A0036080C /* Release */,
			);
			defaultConfigurationIsVisible = 0;
			defaultConfigurationName = Release;
		};
		FF9948602606720A0036080C /* Build configuration list for PBXNativeTarget "MFractorImgTests" */ = {
			isa = XCConfigurationList;
			buildConfigurations = (
				FF9948612606720A0036080C /* Debug */,
				FF9948622606720A0036080C /* Release */,
			);
			defaultConfigurationIsVisible = 0;
			defaultConfigurationName = Release;
		};
		FF9948632606720A0036080C /* Build configuration list for PBXNativeTarget "MFractorImgUITests" */ = {
			isa = XCConfigurationList;
			buildConfigurations = (
				FF9948642606720A0036080C /* Debug */,
				FF9948652606720A0036080C /* Release */,
			);
			defaultConfigurationIsVisible = 0;
			defaultConfigurationName = Release;
		};
/* End XCConfigurationList section */
	};
	rootObject = FF994830260672090036080C /* Project object */;
}
